// !$*UTF8*$!
{
	archiveVersion = 1;
	classes = {
	};
	objectVersion = 46;
	objects = {

/* Begin PBXBuildFile section */
		86BE5E141F192ADA0094C169 /* AppDelegate.swift in Sources */ = {isa = PBXBuildFile; fileRef = 86BE5E131F192ADA0094C169 /* AppDelegate.swift */; };
		86BE5E191F192ADB0094C169 /* Main.storyboard in Resources */ = {isa = PBXBuildFile; fileRef = 86BE5E171F192ADA0094C169 /* Main.storyboard */; };
		86BE5E1B1F192ADB0094C169 /* Assets.xcassets in Resources */ = {isa = PBXBuildFile; fileRef = 86BE5E1A1F192ADB0094C169 /* Assets.xcassets */; };
		86BE5E1E1F192ADB0094C169 /* LaunchScreen.storyboard in Resources */ = {isa = PBXBuildFile; fileRef = 86BE5E1C1F192ADB0094C169 /* LaunchScreen.storyboard */; };
		86BE5E271F192B6F0094C169 /* GameManager.swift in Sources */ = {isa = PBXBuildFile; fileRef = 86BE5E261F192B6F0094C169 /* GameManager.swift */; };
		86BE5E291F192BA00094C169 /* Disk.swift in Sources */ = {isa = PBXBuildFile; fileRef = 86BE5E281F192BA00094C169 /* Disk.swift */; };
		86BE5E2B1F192BB10094C169 /* Tower.swift in Sources */ = {isa = PBXBuildFile; fileRef = 86BE5E2A1F192BB10094C169 /* Tower.swift */; };
/* End PBXBuildFile section */

/* Begin PBXFileReference section */
		86BE5E101F192ADA0094C169 /* TowerHN.app */ = {isa = PBXFileReference; explicitFileType = wrapper.application; includeInIndex = 0; path = TowerHN.app; sourceTree = BUILT_PRODUCTS_DIR; };
		86BE5E131F192ADA0094C169 /* AppDelegate.swift */ = {isa = PBXFileReference; lastKnownFileType = sourcecode.swift; path = AppDelegate.swift; sourceTree = "<group>"; };
		86BE5E181F192ADA0094C169 /* Base */ = {isa = PBXFileReference; lastKnownFileType = file.storyboard; name = Base; path = Base.lproj/Main.storyboard; sourceTree = "<group>"; };
		86BE5E1A1F192ADB0094C169 /* Assets.xcassets */ = {isa = PBXFileReference; lastKnownFileType = folder.assetcatalog; path = Assets.xcassets; sourceTree = "<group>"; };
		86BE5E1D1F192ADB0094C169 /* Base */ = {isa = PBXFileReference; lastKnownFileType = file.storyboard; name = Base; path = Base.lproj/LaunchScreen.storyboard; sourceTree = "<group>"; };
		86BE5E1F1F192ADB0094C169 /* Info.plist */ = {isa = PBXFileReference; lastKnownFileType = text.plist.xml; path = Info.plist; sourceTree = "<group>"; };
		86BE5E261F192B6F0094C169 /* GameManager.swift */ = {isa = PBXFileReference; fileEncoding = 4; lastKnownFileType = sourcecode.swift; path = GameManager.swift; sourceTree = "<group>"; };
		86BE5E281F192BA00094C169 /* Disk.swift */ = {isa = PBXFileReference; fileEncoding = 4; lastKnownFileType = sourcecode.swift; path = Disk.swift; sourceTree = "<group>"; };
		86BE5E2A1F192BB10094C169 /* Tower.swift */ = {isa = PBXFileReference; fileEncoding = 4; lastKnownFileType = sourcecode.swift; path = Tower.swift; sourceTree = "<group>"; };
/* End PBXFileReference section */

/* Begin PBXFrameworksBuildPhase section */
		86BE5E0D1F192ADA0094C169 /* Frameworks */ = {
			isa = PBXFrameworksBuildPhase;
			buildActionMask = 2147483647;
			files = (
			);
			runOnlyForDeploymentPostprocessing = 0;
		};
/* End PBXFrameworksBuildPhase section */

/* Begin PBXGroup section */
		86BE5E071F192ADA0094C169 = {
			isa = PBXGroup;
			children = (
				86BE5E121F192ADA0094C169 /* TowerHN */,
				86BE5E111F192ADA0094C169 /* Products */,
			);
			sourceTree = "<group>";
		};
		86BE5E111F192ADA0094C169 /* Products */ = {
			isa = PBXGroup;
			children = (
				86BE5E101F192ADA0094C169 /* TowerHN.app */,
			);
			name = Products;
			sourceTree = "<group>";
		};
		86BE5E121F192ADA0094C169 /* TowerHN */ = {
			isa = PBXGroup;
			children = (
				86BE5E131F192ADA0094C169 /* AppDelegate.swift */,
				86BE5E261F192B6F0094C169 /* GameManager.swift */,
				86BE5E281F192BA00094C169 /* Disk.swift */,
				86BE5E2A1F192BB10094C169 /* Tower.swift */,
				86BE5E171F192ADA0094C169 /* Main.storyboard */,
				86BE5E1A1F192ADB0094C169 /* Assets.xcassets */,
				86BE5E1C1F192ADB0094C169 /* LaunchScreen.storyboard */,
				86BE5E1F1F192ADB0094C169 /* Info.plist */,
			);
			path = TowerHN;
			sourceTree = "<group>";
		};
/* End PBXGroup section */

/* Begin PBXNativeTarget section */
		86BE5E0F1F192ADA0094C169 /* TowerHN */ = {
			isa = PBXNativeTarget;
			buildConfigurationList = 86BE5E221F192ADB0094C169 /* Build configuration list for PBXNativeTarget "TowerHN" */;
			buildPhases = (
				86BE5E0C1F192ADA0094C169 /* Sources */,
				86BE5E0D1F192ADA0094C169 /* Frameworks */,
				86BE5E0E1F192ADA0094C169 /* Resources */,
			);
			buildRules = (
			);
			dependencies = (
			);
			name = TowerHN;
			productName = TowerHN;
			productReference = 86BE5E101F192ADA0094C169 /* TowerHN.app */;
			productType = "com.apple.product-type.application";
		};
/* End PBXNativeTarget section */

/* Begin PBXProject section */
		86BE5E081F192ADA0094C169 /* Project object */ = {
			isa = PBXProject;
			attributes = {
				LastSwiftUpdateCheck = 0820;
				LastUpgradeCheck = 0820;
				ORGANIZATIONNAME = bipbipdinang;
				TargetAttributes = {
					86BE5E0F1F192ADA0094C169 = {
						CreatedOnToolsVersion = 8.2.1;
						DevelopmentTeam = 7R4589SACH;
						ProvisioningStyle = Automatic;
					};
				};
			};
			buildConfigurationList = 86BE5E0B1F192ADA0094C169 /* Build configuration list for PBXProject "TowerHN" */;
			compatibilityVersion = "Xcode 3.2";
			developmentRegion = English;
			hasScannedForEncodings = 0;
			knownRegions = (
				en,
				Base,
			);
			mainGroup = 86BE5E071F192ADA0094C169;
			productRefGroup = 86BE5E111F192ADA0094C169 /* Products */;
			projectDirPath = "";
			projectRoot = "";
			targets = (
				86BE5E0F1F192ADA0094C169 /* TowerHN */,
			);
		};
/* End PBXProject section */

/* Begin PBXResourcesBuildPhase section */
		86BE5E0E1F192ADA0094C169 /* Resources */ = {
			isa = PBXResourcesBuildPhase;
			buildActionMask = 2147483647;
			files = (
				86BE5E1E1F192ADB0094C169 /* LaunchScreen.storyboard in Resources */,
				86BE5E1B1F192ADB0094C169 /* Assets.xcassets in Resources */,
				86BE5E191F192ADB0094C169 /* Main.storyboard in Resources */,
			);
			runOnlyForDeploymentPostprocessing = 0;
		};
/* End PBXResourcesBuildPhase section */

/* Begin PBXSourcesBuildPhase section */
		86BE5E0C1F192ADA0094C169 /* Sources */ = {
			isa = PBXSourcesBuildPhase;
			buildActionMask = 2147483647;
			files = (
				86BE5E291F192BA00094C169 /* Disk.swift in Sources */,
				86BE5E141F192ADA0094C169 /* AppDelegate.swift in Sources */,
				86BE5E271F192B6F0094C169 /* GameManager.swift in Sources */,
				86BE5E2B1F192BB10094C169 /* Tower.swift in Sources */,
			);
			runOnlyForDeploymentPostprocessing = 0;
		};
/* End PBXSourcesBuildPhase section */

/* Begin PBXVariantGroup section */
		86BE5E171F192ADA0094C169 /* Main.storyboard */ = {
			isa = PBXVariantGroup;
			children = (
				86BE5E181F192ADA0094C169 /* Base */,
			);
			name = Main.storyboard;
			sourceTree = "<group>";
		};
		86BE5E1C1F192ADB0094C169 /* LaunchScreen.storyboard */ = {
			isa = PBXVariantGroup;
			children = (
				86BE5E1D1F192ADB0094C169 /* Base */,
			);
			name = LaunchScreen.storyboard;
			sourceTree = "<group>";
		};
/* End PBXVariantGroup section */

/* Begin XCBuildConfiguration section */
		86BE5E201F192ADB0094C169 /* Debug */ = {
			isa = XCBuildConfiguration;
			buildSettings = {
				ALWAYS_SEARCH_USER_PATHS = NO;
				CLANG_ANALYZER_NONNULL = YES;
				CLANG_CXX_LANGUAGE_STANDARD = "gnu++0x";
				CLANG_CXX_LIBRARY = "libc++";
				CLANG_ENABLE_MODULES = YES;
				CLANG_ENABLE_OBJC_ARC = YES;
				CLANG_WARN_BOOL_CONVERSION = YES;
				CLANG_WARN_CONSTANT_CONVERSION = YES;
				CLANG_WARN_DIRECT_OBJC_ISA_USAGE = YES_ERROR;
				CLANG_WARN_DOCUMENTATION_COMMENTS = YES;
				CLANG_WARN_EMPTY_BODY = YES;
				CLANG_WARN_ENUM_CONVERSION = YES;
				CLANG_WARN_INFINITE_RECURSION = YES;
				CLANG_WARN_INT_CONVERSION = YES;
				CLANG_WARN_OBJC_ROOT_CLASS = YES_ERROR;
				CLANG_WARN_SUSPICIOUS_MOVE = YES;
				CLANG_WARN_UNREACHABLE_CODE = YES;
				CLANG_WARN__DUPLICATE_METHOD_MATCH = YES;
				"CODE_SIGN_IDENTITY[sdk=iphoneos*]" = "iPhone Developer";
				COPY_PHASE_STRIP = NO;
				DEBUG_INFORMATION_FORMAT = dwarf;
				ENABLE_STRICT_OBJC_MSGSEND = YES;
				ENABLE_TESTABILITY = YES;
				GCC_C_LANGUAGE_STANDARD = gnu99;
				GCC_DYNAMIC_NO_PIC = NO;
				GCC_NO_COMMON_BLOCKS = YES;
				GCC_OPTIMIZATION_LEVEL = 0;
				GCC_PREPROCESSOR_DEFINITIONS = (
					"DEBUG=1",
					"$(inherited)",
				);
				GCC_WARN_64_TO_32_BIT_CONVERSION = YES;
				GCC_WARN_ABOUT_RETURN_TYPE = YES_ERROR;
				GCC_WARN_UNDECLARED_SELECTOR = YES;
				GCC_WARN_UNINITIALIZED_AUTOS = YES_AGGRESSIVE;
				GCC_WARN_UNUSED_FUNCTION = YES;
				GCC_WARN_UNUSED_VARIABLE = YES;
				IPHONEOS_DEPLOYMENT_TARGET = 10.2;
				MTL_ENABLE_DEBUG_INFO = YES;
				ONLY_ACTIVE_ARCH = YES;
				SDKROOT = iphoneos;
				SWIFT_ACTIVE_COMPILATION_CONDITIONS = DEBUG;
				SWIFT_OPTIMIZATION_LEVEL = "-Onone";
			};
			name = Debug;
		};
		86BE5E211F192ADB0094C169 /* Release */ = {
			isa = XCBuildConfiguration;
			buildSettings = {
				ALWAYS_SEARCH_USER_PATHS = NO;
				CLANG_ANALYZER_NONNULL = YES;
				CLANG_CXX_LANGUAGE_STANDARD = "gnu++0x";
				CLANG_CXX_LIBRARY = "libc++";
				CLANG_ENABLE_MODULES = YES;
				CLANG_ENABLE_OBJC_ARC = YES;
				CLANG_WARN_BOOL_CONVERSION = YES;
				CLANG_WARN_CONSTANT_CONVERSION = YES;
				CLANG_WARN_DIRECT_OBJC_ISA_USAGE = YES_ERROR;
				CLANG_WARN_DOCUMENTATION_COMMENTS = YES;
				CLANG_WARN_EMPTY_BODY = YES;
				CLANG_WARN_ENUM_CONVERSION = YES;
				CLANG_WARN_INFINITE_RECURSION = YES;
				CLANG_WARN_INT_CONVERSION = YES;
				CLANG_WARN_OBJC_ROOT_CLASS = YES_ERROR;
				CLANG_WARN_SUSPICIOUS_MOVE = YES;
				CLANG_WARN_UNREACHABLE_CODE = YES;
				CLANG_WARN__DUPLICATE_METHOD_MATCH = YES;
				"CODE_SIGN_IDENTITY[sdk=iphoneos*]" = "iPhone Developer";
				COPY_PHASE_STRIP = NO;
				DEBUG_INFORMATION_FORMAT = "dwarf-with-dsym";
				ENABLE_NS_ASSERTIONS = NO;
				ENABLE_STRICT_OBJC_MSGSEND = YES;
				GCC_C_LANGUAGE_STANDARD = gnu99;
				GCC_NO_COMMON_BLOCKS = YES;
				GCC_WARN_64_TO_32_BIT_CONVERSION = YES;
				GCC_WARN_ABOUT_RETURN_TYPE = YES_ERROR;
				GCC_WARN_UNDECLARED_SELECTOR = YES;
				GCC_WARN_UNINITIALIZED_AUTOS = YES_AGGRESSIVE;
				GCC_WARN_UNUSED_FUNCTION = YES;
				GCC_WARN_UNUSED_VARIABLE = YES;
				IPHONEOS_DEPLOYMENT_TARGET = 10.2;
				MTL_ENABLE_DEBUG_INFO = NO;
				SDKROOT = iphoneos;
				SWIFT_OPTIMIZATION_LEVEL = "-Owholemodule";
				VALIDATE_PRODUCT = YES;
			};
			name = Release;
		};
		86BE5E231F192ADB0094C169 /* Debug */ = {
			isa = XCBuildConfiguration;
			buildSettings = {
				ASSETCATALOG_COMPILER_APPICON_NAME = AppIcon;
				DEVELOPMENT_TEAM = 7R4589SACH;
				INFOPLIST_FILE = TowerHN/Info.plist;
				LD_RUNPATH_SEARCH_PATHS = "$(inherited) @executable_path/Frameworks";
				PRODUCT_BUNDLE_IDENTIFIER = com.thiettb.TowerHN;
				PRODUCT_NAME = "$(TARGET_NAME)";
				SWIFT_VERSION = 3.0;
			};
			name = Debug;
		};
		86BE5E241F192ADB0094C169 /* Release */ = {
			isa = XCBuildConfiguration;
			buildSettings = {
				ASSETCATALOG_COMPILER_APPICON_NAME = AppIcon;
				DEVELOPMENT_TEAM = 7R4589SACH;
				INFOPLIST_FILE = TowerHN/Info.plist;
				LD_RUNPATH_SEARCH_PATHS = "$(inherited) @executable_path/Frameworks";
				PRODUCT_BUNDLE_IDENTIFIER = com.thiettb.TowerHN;
				PRODUCT_NAME = "$(TARGET_NAME)";
				SWIFT_VERSION = 3.0;
			};
			name = Release;
		};
/* End XCBuildConfiguration section */

/* Begin XCConfigurationList section */
		86BE5E0B1F192ADA0094C169 /* Build configuration list for PBXProject "TowerHN" */ = {
			isa = XCConfigurationList;
			buildConfigurations = (
				86BE5E201F192ADB0094C169 /* Debug */,
				86BE5E211F192ADB0094C169 /* Release */,
			);
			defaultConfigurationIsVisible = 0;
			defaultConfigurationName = Release;
		};
		86BE5E221F192ADB0094C169 /* Build configuration list for PBXNativeTarget "TowerHN" */ = {
			isa = XCConfigurationList;
			buildConfigurations = (
				86BE5E231F192ADB0094C169 /* Debug */,
				86BE5E241F192ADB0094C169 /* Release */,
			);
			defaultConfigurationIsVisible = 0;
		};
/* End XCConfigurationList section */
	};
	rootObject = 86BE5E081F192ADA0094C169 /* Project object */;
}
